{
  "version": 4,
  "terraform_version": "1.3.4",
  "serial": 147,
  "lineage": "e6928843-61b9-017c-d0da-0d21970da39c",
  "outputs": {},
  "resources": [
    {
      "mode": "managed",
      "type": "google_compute_address",
      "name": "static_external",
      "provider": "provider[\"registry.terraform.io/hashicorp/google\"]",
      "instances": [
        {
          "schema_version": 0,
          "attributes": {
            "address": "35.232.117.70",
            "address_type": "EXTERNAL",
            "creation_timestamp": "2022-11-08T02:25:22.200-08:00",
            "description": "",
            "id": "projects/kuber-terr-cicd/regions/us-central1/addresses/ipv4-address",
            "name": "ipv4-address",
            "network": "",
            "network_tier": "PREMIUM",
            "prefix_length": 0,
            "project": "kuber-terr-cicd",
            "purpose": "",
            "region": "us-central1",
            "self_link": "https://www.googleapis.com/compute/v1/projects/kuber-terr-cicd/regions/us-central1/addresses/ipv4-address",
            "subnetwork": "",
            "timeouts": null,
            "users": []
          },
          "sensitive_attributes": [],
          "private": "eyJlMmJmYjczMC1lY2FhLTExZTYtOGY4OC0zNDM2M2JjN2M0YzAiOnsiY3JlYXRlIjoxMjAwMDAwMDAwMDAwLCJkZWxldGUiOjEyMDAwMDAwMDAwMDB9fQ=="
        }
      ]
    },
    {
      "mode": "managed",
      "type": "google_compute_firewall",
      "name": "allow_jenkins_for_local_tester_ip",
      "provider": "provider[\"registry.terraform.io/hashicorp/google\"]",
      "instances": [
        {
          "schema_version": 1,
          "attributes": {
            "allow": [
              {
                "ports": [
                  "80",
                  "8080"
                ],
                "protocol": "tcp"
              }
            ],
            "creation_timestamp": "2022-11-16T09:28:35.569-08:00",
            "deny": [],
            "description": "",
            "destination_ranges": [],
            "direction": "INGRESS",
            "disabled": false,
            "enable_logging": null,
            "id": "projects/kuber-terr-cicd/global/firewalls/allow-jenkins-http-for-tester-ip",
            "log_config": [],
            "name": "allow-jenkins-http-for-tester-ip",
            "network": "https://www.googleapis.com/compute/v1/projects/kuber-terr-cicd/global/networks/terr-vpc-1",
            "priority": 10,
            "project": "kuber-terr-cicd",
            "self_link": "https://www.googleapis.com/compute/v1/projects/kuber-terr-cicd/global/firewalls/allow-jenkins-http-for-tester-ip",
            "source_ranges": [
              "80.243.153.111/32"
            ],
            "source_service_accounts": [],
            "source_tags": [],
            "target_service_accounts": [],
            "target_tags": [
              "allow-jenkins"
            ],
            "timeouts": null
          },
          "sensitive_attributes": [],
          "private": "eyJlMmJmYjczMC1lY2FhLTExZTYtOGY4OC0zNDM2M2JjN2M0YzAiOnsiY3JlYXRlIjoxMjAwMDAwMDAwMDAwLCJkZWxldGUiOjEyMDAwMDAwMDAwMDAsInVwZGF0ZSI6MTIwMDAwMDAwMDAwMH0sInNjaGVtYV92ZXJzaW9uIjoiMSJ9",
          "dependencies": [
            "google_compute_network.terr_vpc_1",
            "google_project_service.api_1_resource_manager",
            "google_project_service.api_2_iam",
            "google_project_service.api_3_compute_engine",
            "google_project_service.api_4_cloud_os_login",
            "google_project_service.api_5_network_management",
            "google_project_service.api_6_service_networking",
            "google_project_service.api_7_cloudsql_admin"
          ]
        }
      ]
    },
    {
      "mode": "managed",
      "type": "google_compute_firewall",
      "name": "allow_ssh_http_for_vm",
      "provider": "provider[\"registry.terraform.io/hashicorp/google\"]",
      "instances": [
        {
          "schema_version": 1,
          "attributes": {
            "allow": [
              {
                "ports": [
                  "22"
                ],
                "protocol": "tcp"
              },
              {
                "ports": [],
                "protocol": "icmp"
              }
            ],
            "creation_timestamp": "2022-11-09T06:26:48.214-08:00",
            "deny": [],
            "description": "",
            "destination_ranges": [],
            "direction": "INGRESS",
            "disabled": false,
            "enable_logging": null,
            "id": "projects/kuber-terr-cicd/global/firewalls/allow-ssh-http-for-vm",
            "log_config": [],
            "name": "allow-ssh-http-for-vm",
            "network": "https://www.googleapis.com/compute/v1/projects/kuber-terr-cicd/global/networks/terr-vpc-1",
            "priority": 10,
            "project": "kuber-terr-cicd",
            "self_link": "https://www.googleapis.com/compute/v1/projects/kuber-terr-cicd/global/firewalls/allow-ssh-http-for-vm",
            "source_ranges": [
              "0.0.0.0/0"
            ],
            "source_service_accounts": [],
            "source_tags": [],
            "target_service_accounts": [],
            "target_tags": [
              "allow-ssh"
            ],
            "timeouts": null
          },
          "sensitive_attributes": [],
          "private": "eyJlMmJmYjczMC1lY2FhLTExZTYtOGY4OC0zNDM2M2JjN2M0YzAiOnsiY3JlYXRlIjoxMjAwMDAwMDAwMDAwLCJkZWxldGUiOjEyMDAwMDAwMDAwMDAsInVwZGF0ZSI6MTIwMDAwMDAwMDAwMH0sInNjaGVtYV92ZXJzaW9uIjoiMSJ9",
          "dependencies": [
            "google_compute_network.terr_vpc_1",
            "google_project_service.api_1_resource_manager",
            "google_project_service.api_2_iam",
            "google_project_service.api_3_compute_engine",
            "google_project_service.api_4_cloud_os_login",
            "google_project_service.api_5_network_management",
            "google_project_service.api_6_service_networking",
            "google_project_service.api_7_cloudsql_admin"
          ]
        }
      ]
    },
    {
      "mode": "managed",
      "type": "google_compute_global_address",
      "name": "private_ip_address",
      "provider": "provider[\"registry.terraform.io/hashicorp/google\"]",
      "instances": [
        {
          "schema_version": 0,
          "attributes": {
            "address": "10.90.0.0",
            "address_type": "INTERNAL",
            "creation_timestamp": "2022-11-08T02:06:26.913-08:00",
            "description": "",
            "id": "projects/kuber-terr-cicd/global/addresses/terr-sql-private-ip-address",
            "ip_version": "",
            "name": "terr-sql-private-ip-address",
            "network": "https://www.googleapis.com/compute/v1/projects/kuber-terr-cicd/global/networks/terr-vpc-1",
            "prefix_length": 16,
            "project": "kuber-terr-cicd",
            "purpose": "VPC_PEERING",
            "self_link": "https://www.googleapis.com/compute/v1/projects/kuber-terr-cicd/global/addresses/terr-sql-private-ip-address",
            "timeouts": null
          },
          "sensitive_attributes": [],
          "private": "eyJlMmJmYjczMC1lY2FhLTExZTYtOGY4OC0zNDM2M2JjN2M0YzAiOnsiY3JlYXRlIjoxMjAwMDAwMDAwMDAwLCJkZWxldGUiOjEyMDAwMDAwMDAwMDB9fQ==",
          "dependencies": [
            "google_compute_network.terr_vpc_1",
            "google_project_service.api_1_resource_manager",
            "google_project_service.api_2_iam",
            "google_project_service.api_3_compute_engine",
            "google_project_service.api_4_cloud_os_login",
            "google_project_service.api_5_network_management",
            "google_project_service.api_6_service_networking",
            "google_project_service.api_7_cloudsql_admin"
          ]
        }
      ]
    },
    {
      "mode": "managed",
      "type": "google_compute_instance",
      "name": "default",
      "provider": "provider[\"registry.terraform.io/hashicorp/google\"]",
      "instances": [
        {
          "schema_version": 6,
          "attributes": {
            "advanced_machine_features": [],
            "allow_stopping_for_update": null,
            "attached_disk": [],
            "boot_disk": [
              {
                "auto_delete": true,
                "device_name": "persistent-disk-0",
                "disk_encryption_key_raw": "",
                "disk_encryption_key_sha256": "",
                "initialize_params": [
                  {
                    "image": "https://www.googleapis.com/compute/v1/projects/debian-cloud/global/images/debian-11-bullseye-v20221102",
                    "labels": {
                      "my_label": "debian_boot"
                    },
                    "size": 10,
                    "type": "pd-standard"
                  }
                ],
                "kms_key_self_link": "",
                "mode": "READ_WRITE",
                "source": "https://www.googleapis.com/compute/v1/projects/kuber-terr-cicd/zones/us-central1-c/disks/internal-access-vm"
              }
            ],
            "can_ip_forward": false,
            "confidential_instance_config": [],
            "cpu_platform": "Intel Broadwell",
            "current_status": "RUNNING",
            "deletion_protection": false,
            "description": "",
            "desired_status": null,
            "enable_display": false,
            "guest_accelerator": [],
            "hostname": "",
            "id": "projects/kuber-terr-cicd/zones/us-central1-c/instances/internal-access-vm",
            "instance_id": "1123083352079372034",
            "label_fingerprint": "42WmSpB8rSM=",
            "labels": null,
            "machine_type": "e2-medium",
            "metadata": {
              "ssh-keys": "ansible:ssh-rsa AAAAB3NzaC1yc2EAAAADAQABAAABAQCp2+FsMi0SeVUv8TdbuwDOL30iaJOmVWvVHlH4koFe0ZUd+FvYfotujU8ml9fKyHzTYCnQBHV7bfqBgVWydyUjWNhg/ah4JRAKw2hn+3VdJ4933dq8hj26TxM75EvYKY2aMA7bqDRegVV/1Wu+v6ZvuW+XdQBtFumypy+5E1fBJ/jysDfL6WScqytT0m+tJw3/Uj1LY6QKkMd3vrwLTdP6VVMYwqIMl5/OVxK/Q3P61rSRtNBZNfHE5e+bRFq7Q5M1FsmlGo69O4qAu+cqGJrM6DsChvT6zZPpIZGP2CtwmQGyDgs1BSiEkqyWl2daxtLDZtAaSyVjzrBcVHeuANel ansible\n"
            },
            "metadata_fingerprint": "QDt3qpsDqSg=",
            "metadata_startup_script": null,
            "min_cpu_platform": "",
            "name": "internal-access-vm",
            "network_interface": [
              {
                "access_config": [
                  {
                    "nat_ip": "35.238.113.46",
                    "network_tier": "PREMIUM",
                    "public_ptr_domain_name": ""
                  }
                ],
                "alias_ip_range": [],
                "ipv6_access_config": [],
                "ipv6_access_type": "",
                "name": "nic0",
                "network": "https://www.googleapis.com/compute/v1/projects/kuber-terr-cicd/global/networks/terr-vpc-1",
                "network_ip": "10.10.0.41",
                "nic_type": "",
                "queue_count": 0,
                "stack_type": "IPV4_ONLY",
                "subnetwork": "https://www.googleapis.com/compute/v1/projects/kuber-terr-cicd/regions/us-central1/subnetworks/terr-sub-vpc-1",
                "subnetwork_project": "kuber-terr-cicd"
              }
            ],
            "project": "kuber-terr-cicd",
            "reservation_affinity": [],
            "resource_policies": null,
            "scheduling": [
              {
                "automatic_restart": true,
                "instance_termination_action": "",
                "min_node_cpus": 0,
                "node_affinities": [],
                "on_host_maintenance": "MIGRATE",
                "preemptible": false,
                "provisioning_model": "STANDARD"
              }
            ],
            "scratch_disk": [],
            "self_link": "https://www.googleapis.com/compute/v1/projects/kuber-terr-cicd/zones/us-central1-c/instances/internal-access-vm",
            "service_account": [
              {
                "email": "custom-service-account-1@kuber-terr-cicd.iam.gserviceaccount.com",
                "scopes": [
                  "https://www.googleapis.com/auth/cloud-platform"
                ]
              }
            ],
            "shielded_instance_config": [
              {
                "enable_integrity_monitoring": true,
                "enable_secure_boot": false,
                "enable_vtpm": true
              }
            ],
            "tags": [
              "admin",
              "allow-jenkins",
              "allow-ssh",
              "ansible-vm",
              "jenkins-vm"
            ],
            "tags_fingerprint": "gr-rZVGqhXc=",
            "timeouts": null,
            "zone": "us-central1-c"
          },
          "sensitive_attributes": [],
          "private": "eyJlMmJmYjczMC1lY2FhLTExZTYtOGY4OC0zNDM2M2JjN2M0YzAiOnsiY3JlYXRlIjoxMjAwMDAwMDAwMDAwLCJkZWxldGUiOjEyMDAwMDAwMDAwMDAsInVwZGF0ZSI6MTIwMDAwMDAwMDAwMH0sInNjaGVtYV92ZXJzaW9uIjoiNiJ9",
          "dependencies": [
            "google_compute_subnetwork.terr_sub_vpc_1",
            "google_service_account.custom_service_account_1"
          ]
        }
      ]
    },
    {
      "mode": "managed",
      "type": "google_compute_network",
      "name": "terr_vpc_1",
      "provider": "provider[\"registry.terraform.io/hashicorp/google\"]",
      "instances": [
        {
          "schema_version": 0,
          "attributes": {
            "auto_create_subnetworks": false,
            "delete_default_routes_on_create": false,
            "description": "",
            "enable_ula_internal_ipv6": true,
            "gateway_ipv4": "",
            "id": "projects/kuber-terr-cicd/global/networks/terr-vpc-1",
            "internal_ipv6_range": "fd20:26b:b6a8:0:0:0:0:0/48",
            "mtu": 0,
            "name": "terr-vpc-1",
            "project": "kuber-terr-cicd",
            "routing_mode": "REGIONAL",
            "self_link": "https://www.googleapis.com/compute/v1/projects/kuber-terr-cicd/global/networks/terr-vpc-1",
            "timeouts": null
          },
          "sensitive_attributes": [],
          "private": "eyJlMmJmYjczMC1lY2FhLTExZTYtOGY4OC0zNDM2M2JjN2M0YzAiOnsiY3JlYXRlIjoxMjAwMDAwMDAwMDAwLCJkZWxldGUiOjEyMDAwMDAwMDAwMDAsInVwZGF0ZSI6MTIwMDAwMDAwMDAwMH19",
          "dependencies": [
            "google_project_service.api_1_resource_manager",
            "google_project_service.api_2_iam",
            "google_project_service.api_3_compute_engine",
            "google_project_service.api_4_cloud_os_login",
            "google_project_service.api_5_network_management",
            "google_project_service.api_6_service_networking",
            "google_project_service.api_7_cloudsql_admin"
          ]
        }
      ]
    },
    {
      "mode": "managed",
      "type": "google_compute_subnetwork",
      "name": "terr_sub_vpc_1",
      "provider": "provider[\"registry.terraform.io/hashicorp/google\"]",
      "instances": [
        {
          "schema_version": 0,
          "attributes": {
            "creation_timestamp": "2022-11-08T02:06:28.240-08:00",
            "description": "",
            "external_ipv6_prefix": "",
            "fingerprint": null,
            "gateway_address": "10.10.0.1",
            "id": "projects/kuber-terr-cicd/regions/us-central1/subnetworks/terr-sub-vpc-1",
            "ip_cidr_range": "10.10.0.0/16",
            "ipv6_access_type": "",
            "ipv6_cidr_range": "",
            "log_config": [],
            "name": "terr-sub-vpc-1",
            "network": "https://www.googleapis.com/compute/v1/projects/kuber-terr-cicd/global/networks/terr-vpc-1",
            "private_ip_google_access": true,
            "private_ipv6_google_access": "DISABLE_GOOGLE_ACCESS",
            "project": "kuber-terr-cicd",
            "purpose": "PRIVATE",
            "region": "us-central1",
            "role": "",
            "secondary_ip_range": [
              {
                "ip_cidr_range": "192.168.10.0/24",
                "range_name": "services-range"
              },
              {
                "ip_cidr_range": "192.168.64.0/24",
                "range_name": "pod-ranges"
              }
            ],
            "self_link": "https://www.googleapis.com/compute/v1/projects/kuber-terr-cicd/regions/us-central1/subnetworks/terr-sub-vpc-1",
            "stack_type": "IPV4_ONLY",
            "timeouts": null
          },
          "sensitive_attributes": [],
          "private": "eyJlMmJmYjczMC1lY2FhLTExZTYtOGY4OC0zNDM2M2JjN2M0YzAiOnsiY3JlYXRlIjoxMjAwMDAwMDAwMDAwLCJkZWxldGUiOjEyMDAwMDAwMDAwMDAsInVwZGF0ZSI6MTIwMDAwMDAwMDAwMH19",
          "dependencies": [
            "google_compute_network.terr_vpc_1",
            "google_project_service.api_1_resource_manager",
            "google_project_service.api_2_iam",
            "google_project_service.api_3_compute_engine",
            "google_project_service.api_4_cloud_os_login",
            "google_project_service.api_5_network_management",
            "google_project_service.api_6_service_networking",
            "google_project_service.api_7_cloudsql_admin"
          ]
        }
      ]
    },
    {
      "mode": "managed",
      "type": "google_container_cluster",
      "name": "primary",
      "provider": "provider[\"registry.terraform.io/hashicorp/google\"]",
      "instances": [
        {
          "schema_version": 1,
          "attributes": {
            "addons_config": [
              {
                "cloudrun_config": [],
                "dns_cache_config": [],
                "gce_persistent_disk_csi_driver_config": [
                  {
                    "enabled": true
                  }
                ],
                "gcp_filestore_csi_driver_config": [],
                "horizontal_pod_autoscaling": [],
                "http_load_balancing": [],
                "network_policy_config": [
                  {
                    "disabled": true
                  }
                ]
              }
            ],
            "authenticator_groups_config": [],
            "binary_authorization": [
              {
                "enabled": false,
                "evaluation_mode": ""
              }
            ],
            "cluster_autoscaling": [
              {
                "auto_provisioning_defaults": [],
                "enabled": false,
                "resource_limits": []
              }
            ],
            "cluster_ipv4_cidr": "192.168.10.0/24",
            "confidential_nodes": [],
            "database_encryption": [
              {
                "key_name": "",
                "state": "DECRYPTED"
              }
            ],
            "datapath_provider": "",
            "default_max_pods_per_node": 110,
            "default_snat_status": [
              {
                "disabled": false
              }
            ],
            "description": "",
            "dns_config": [],
            "enable_autopilot": false,
            "enable_binary_authorization": false,
            "enable_intranode_visibility": false,
            "enable_kubernetes_alpha": false,
            "enable_legacy_abac": false,
            "enable_shielded_nodes": true,
            "enable_tpu": false,
            "endpoint": "35.202.236.170",
            "id": "projects/kuber-terr-cicd/locations/us-central1-c/clusters/terr-gke-cluster",
            "initial_node_count": 1,
            "ip_allocation_policy": [
              {
                "cluster_ipv4_cidr_block": "192.168.10.0/24",
                "cluster_secondary_range_name": "services-range",
                "services_ipv4_cidr_block": "192.168.64.0/24",
                "services_secondary_range_name": "pod-ranges"
              }
            ],
            "label_fingerprint": "a9dc16a7",
            "location": "us-central1-c",
            "logging_config": [
              {
                "enable_components": [
                  "SYSTEM_COMPONENTS",
                  "WORKLOADS"
                ]
              }
            ],
            "logging_service": "logging.googleapis.com/kubernetes",
            "maintenance_policy": [],
            "master_auth": [
              {
                "client_certificate": "",
                "client_certificate_config": [
                  {
                    "issue_client_certificate": false
                  }
                ],
                "client_key": "",
                "cluster_ca_certificate": "LS0tLS1CRUdJTiBDRVJUSUZJQ0FURS0tLS0tCk1JSUVMVENDQXBXZ0F3SUJBZ0lSQU8yNUc2V0xjcUhUMTcyamJQTkxITHN3RFFZSktvWklodmNOQVFFTEJRQXcKTHpFdE1Dc0dBMVVFQXhNa05XTXhaamd6WkRjdFkyVmlOQzAwTWpabUxXRTROMll0WlRBME0yUXlObVZqTmpWagpNQ0FYRFRJeU1URXdPREE1TURZMU0xb1lEekl3TlRJeE1ETXhNVEF3TmpVeldqQXZNUzB3S3dZRFZRUURFeVExCll6Rm1PRE5rTnkxalpXSTBMVFF5Tm1ZdFlUZzNaaTFsTURRelpESTJaV00yTldNd2dnR2lNQTBHQ1NxR1NJYjMKRFFFQkFRVUFBNElCandBd2dnR0tBb0lCZ1FDdG5KV1prSmt3Z3d1Uk5tdWdnVnlsOGJ0aW5VWmJVcFJ4eE1FQwo2amJjL0Joa3RGQzRBWjJjNkM5UWVMalFvdXFrNmN3S3JGb3dlTkxNVlBxMlo1WmpkeFUvbHpjanZGYXptcnVqCmxoNmJIK3FkYmpmUjJFMkVPclJBQ0JOaDFOWnNMWnNJdjBtWjNJZUtEMHlxNUlLUmUzeEtsbFhyazdBTnliUDIKeE1PdHRJdkZDenllYlUrZlQ0OUR1S0UxY3J1VHdNYkdNTDEvQU40VzVkbWNaT1NGZVVxZEd3NTdhOFc4Z2tTcApLVFFEeThhb3h3UzBJTzRZNVhVOGlmTit5MCtsTU9ydVNoUVlWVS8rbGlKTStoZENqOU1FdC9hN0R5aEZXYkZ4ClI1WktiVE14TXZLZ3lyR01rM3hRaituYU0wUWVoWHd4c0FaNmxhZ0ZBYlovZFhqbldVSkFzUmlrR3lhUmNDMVYKUDBYY0lVdEpHcTY3dnhYWGYrUnNaTlNnTVJ0T2VvYjNxQWNHczFSOTZXWGhEeFB6RGttUXZMQ0E3S3Bpc0Z2MgpsRk1oZ0JRZ0tobnJLNkVOR1Q1TzZLSm9SL2VWZVdFMnNrdllBd1Nxc1ZSS3g3bkF6eTBFK2EzUlh6M3BidGlHCjZiZ0s0eEhtOGRRNTN2S3N2YkErZkxwbFZsVUNBd0VBQWFOQ01FQXdEZ1lEVlIwUEFRSC9CQVFEQWdJRU1BOEcKQTFVZEV3RUIvd1FGTUFNQkFmOHdIUVlEVlIwT0JCWUVGTXM5RmdOeVgxbW1pdkRIWEJYVGJ3aFpEdDg5TUEwRwpDU3FHU0liM0RRRUJDd1VBQTRJQmdRQXNMcVM5cWJqaW5TZ1BpR1BCTkF5S1VVNU5wZkpLNWx4QkkwZU15OHFoCm1ZeUtlZTZQUVplWkM1OVRiYTk5ZEVIbnNFeUovOTBtWTltUHpTU3labGdyNFpXR2tzanlxWDdrd2dmR3dqM3cKTEIvQUJmMzhLYzZmaVFMbFU5ZDI0MkFaSFFlUXp2RmY5R2tRd2lGNlFTdVRPMDQzbEp3V3NQRjRjR2djWDVsSAo5ZzE3WG00eGZDY1FiaEZsRFBZV1kvS2RnN0NUcmRLKzVycVpUSTZxTU1heXNCRnlYQXJTWGppN3B4UFdsd3JDCnNqOGRMajdhWWV5a29hbEVVaDkrY09rYVpYVXB2SVRNY0VYM1N2YmV1WmRUTk4zODg1M0YweFQxY1kvZGxXSmwKSVBqMXMrOTFrb0x0ZitWQTdoSmQxc09QVElLT1orRi9yVFowdklWclI1c0pxd3R0M0tSSnd1anAzMVBnWTB3bQp1NG40SVhtQ0VCSTkzMTlobi9HZ1RFM3BDZHl2WTdIdGhWNUlucFJ5STVCb01EU08vMG52ckxrK0J4UksvSUd1CjlOZnNpd2didHpyVGpPMi82K2o4Zlg0ek9uVjAxdFRVZUs1V255d0JEQ25vN0pCZU9EelhldEtLNTJ4NC9Kd0QKQUh2QnNmUzBuTHYvN3drNUk3L0tyVVE9Ci0tLS0tRU5EIENFUlRJRklDQVRFLS0tLS0K"
              }
            ],
            "master_authorized_networks_config": [],
            "master_version": "1.23.8-gke.1900",
            "mesh_certificates": [],
            "min_master_version": null,
            "monitoring_config": [
              {
                "enable_components": [
                  "SYSTEM_COMPONENTS"
                ]
              }
            ],
            "monitoring_service": "monitoring.googleapis.com/kubernetes",
            "name": "terr-gke-cluster",
            "network": "projects/kuber-terr-cicd/global/networks/terr-vpc-1",
            "network_policy": [
              {
                "enabled": false,
                "provider": "PROVIDER_UNSPECIFIED"
              }
            ],
            "networking_mode": "VPC_NATIVE",
            "node_config": [
              {
                "boot_disk_kms_key": "",
                "disk_size_gb": 100,
                "disk_type": "pd-standard",
                "gcfs_config": [],
                "guest_accelerator": [],
                "gvnic": [],
                "image_type": "COS_CONTAINERD",
                "labels": {},
                "local_ssd_count": 0,
                "machine_type": "e2-medium",
                "metadata": {
                  "disable-legacy-endpoints": "true"
                },
                "min_cpu_platform": "",
                "node_group": "",
                "oauth_scopes": [
                  "https://www.googleapis.com/auth/cloud-platform"
                ],
                "preemptible": true,
                "reservation_affinity": [],
                "service_account": "custom-service-account-1@kuber-terr-cicd.iam.gserviceaccount.com",
                "shielded_instance_config": [
                  {
                    "enable_integrity_monitoring": true,
                    "enable_secure_boot": false
                  }
                ],
                "spot": false,
                "tags": [],
                "taint": [],
                "workload_metadata_config": []
              }
            ],
            "node_locations": [],
            "node_pool": [
              {
                "autoscaling": [],
                "initial_node_count": 1,
                "instance_group_urls": [
                  "https://www.googleapis.com/compute/v1/projects/kuber-terr-cicd/zones/us-central1-c/instanceGroupManagers/gke-terr-gke-cluster-terr-node-pool-92fb4a8e-grp"
                ],
                "managed_instance_group_urls": [
                  "https://www.googleapis.com/compute/v1/projects/kuber-terr-cicd/zones/us-central1-c/instanceGroups/gke-terr-gke-cluster-terr-node-pool-92fb4a8e-grp"
                ],
                "management": [
                  {
                    "auto_repair": true,
                    "auto_upgrade": true
                  }
                ],
                "max_pods_per_node": 110,
                "name": "terr-node-pool",
                "name_prefix": "",
                "node_config": [
                  {
                    "boot_disk_kms_key": "",
                    "disk_size_gb": 100,
                    "disk_type": "pd-standard",
                    "gcfs_config": [],
                    "guest_accelerator": [],
                    "gvnic": [],
                    "image_type": "COS_CONTAINERD",
                    "labels": {},
                    "local_ssd_count": 0,
                    "machine_type": "e2-medium",
                    "metadata": {
                      "disable-legacy-endpoints": "true"
                    },
                    "min_cpu_platform": "",
                    "node_group": "",
                    "oauth_scopes": [
                      "https://www.googleapis.com/auth/cloud-platform"
                    ],
                    "preemptible": true,
                    "reservation_affinity": [],
                    "service_account": "custom-service-account-1@kuber-terr-cicd.iam.gserviceaccount.com",
                    "shielded_instance_config": [
                      {
                        "enable_integrity_monitoring": true,
                        "enable_secure_boot": false
                      }
                    ],
                    "spot": false,
                    "tags": [],
                    "taint": [],
                    "workload_metadata_config": []
                  }
                ],
                "node_count": 1,
                "node_locations": [
                  "us-central1-c"
                ],
                "upgrade_settings": [
                  {
                    "max_surge": 1,
                    "max_unavailable": 0
                  }
                ],
                "version": "1.23.8-gke.1900"
              }
            ],
            "node_version": "1.23.8-gke.1900",
            "notification_config": [
              {
                "pubsub": [
                  {
                    "enabled": false,
                    "topic": ""
                  }
                ]
              }
            ],
            "operation": null,
            "private_cluster_config": [
              {
                "enable_private_endpoint": false,
                "enable_private_nodes": false,
                "master_global_access_config": [
                  {
                    "enabled": false
                  }
                ],
                "master_ipv4_cidr_block": "",
                "peering_name": "",
                "private_endpoint": "10.10.0.2",
                "public_endpoint": "35.202.236.170"
              }
            ],
            "private_ipv6_google_access": "",
            "project": "kuber-terr-cicd",
            "release_channel": [
              {
                "channel": "REGULAR"
              }
            ],
            "remove_default_node_pool": true,
            "resource_labels": {},
            "resource_usage_export_config": [],
            "self_link": "https://container.googleapis.com/v1/projects/kuber-terr-cicd/zones/us-central1-c/clusters/terr-gke-cluster",
            "service_external_ips_config": [
              {
                "enabled": false
              }
            ],
            "services_ipv4_cidr": "192.168.64.0/24",
            "subnetwork": "projects/kuber-terr-cicd/regions/us-central1/subnetworks/terr-sub-vpc-1",
            "timeouts": null,
            "tpu_ipv4_cidr_block": "",
            "vertical_pod_autoscaling": [],
            "workload_identity_config": []
          },
          "sensitive_attributes": [],
          "private": "eyJlMmJmYjczMC1lY2FhLTExZTYtOGY4OC0zNDM2M2JjN2M0YzAiOnsiY3JlYXRlIjoyNDAwMDAwMDAwMDAwLCJkZWxldGUiOjI0MDAwMDAwMDAwMDAsInJlYWQiOjI0MDAwMDAwMDAwMDAsInVwZGF0ZSI6MzYwMDAwMDAwMDAwMH0sInNjaGVtYV92ZXJzaW9uIjoiMSJ9",
          "dependencies": [
            "google_compute_network.terr_vpc_1",
            "google_compute_subnetwork.terr_sub_vpc_1",
            "google_project_service.api_1_resource_manager",
            "google_project_service.api_2_iam",
            "google_project_service.api_3_compute_engine",
            "google_project_service.api_4_cloud_os_login",
            "google_project_service.api_5_network_management",
            "google_project_service.api_6_service_networking",
            "google_project_service.api_7_cloudsql_admin",
            "google_project_service.api_8_container"
          ]
        }
      ]
    },
    {
      "mode": "managed",
      "type": "google_container_node_pool",
      "name": "primary_preemptible_nodes",
      "provider": "provider[\"registry.terraform.io/hashicorp/google\"]",
      "instances": [
        {
          "schema_version": 1,
          "attributes": {
            "autoscaling": [],
            "cluster": "terr-gke-cluster",
            "id": "projects/kuber-terr-cicd/locations/us-central1-c/clusters/terr-gke-cluster/nodePools/terr-node-pool",
            "initial_node_count": 1,
            "instance_group_urls": [
              "https://www.googleapis.com/compute/v1/projects/kuber-terr-cicd/zones/us-central1-c/instanceGroupManagers/gke-terr-gke-cluster-terr-node-pool-92fb4a8e-grp"
            ],
            "location": "us-central1-c",
            "managed_instance_group_urls": [
              "https://www.googleapis.com/compute/v1/projects/kuber-terr-cicd/zones/us-central1-c/instanceGroups/gke-terr-gke-cluster-terr-node-pool-92fb4a8e-grp"
            ],
            "management": [
              {
                "auto_repair": true,
                "auto_upgrade": true
              }
            ],
            "max_pods_per_node": 110,
            "name": "terr-node-pool",
            "name_prefix": "",
            "node_config": [
              {
                "boot_disk_kms_key": "",
                "disk_size_gb": 100,
                "disk_type": "pd-standard",
                "gcfs_config": [],
                "guest_accelerator": [],
                "gvnic": [],
                "image_type": "COS_CONTAINERD",
                "labels": {},
                "local_ssd_count": 0,
                "machine_type": "e2-medium",
                "metadata": {
                  "disable-legacy-endpoints": "true"
                },
                "min_cpu_platform": "",
                "node_group": "",
                "oauth_scopes": [
                  "https://www.googleapis.com/auth/cloud-platform"
                ],
                "preemptible": true,
                "reservation_affinity": [],
                "service_account": "custom-service-account-1@kuber-terr-cicd.iam.gserviceaccount.com",
                "shielded_instance_config": [
                  {
                    "enable_integrity_monitoring": true,
                    "enable_secure_boot": false
                  }
                ],
                "spot": false,
                "tags": [],
                "taint": [],
                "workload_metadata_config": []
              }
            ],
            "node_count": 1,
            "node_locations": [
              "us-central1-c"
            ],
            "operation": null,
            "project": "kuber-terr-cicd",
            "timeouts": null,
            "upgrade_settings": [
              {
                "max_surge": 1,
                "max_unavailable": 0
              }
            ],
            "version": "1.23.8-gke.1900"
          },
          "sensitive_attributes": [],
          "private": "eyJlMmJmYjczMC1lY2FhLTExZTYtOGY4OC0zNDM2M2JjN2M0YzAiOnsiY3JlYXRlIjoxODAwMDAwMDAwMDAwLCJkZWxldGUiOjE4MDAwMDAwMDAwMDAsInVwZGF0ZSI6MTgwMDAwMDAwMDAwMH0sInNjaGVtYV92ZXJzaW9uIjoiMSJ9",
          "dependencies": [
            "google_compute_network.terr_vpc_1",
            "google_compute_subnetwork.terr_sub_vpc_1",
            "google_container_cluster.primary",
            "google_project_service.api_1_resource_manager",
            "google_project_service.api_2_iam",
            "google_project_service.api_3_compute_engine",
            "google_project_service.api_4_cloud_os_login",
            "google_project_service.api_5_network_management",
            "google_project_service.api_6_service_networking",
            "google_project_service.api_7_cloudsql_admin",
            "google_project_service.api_8_container",
            "google_service_account.custom_service_account_1"
          ]
        }
      ]
    },
    {
      "mode": "managed",
      "type": "google_project_iam_member",
      "name": "service_account_1_IAP",
      "provider": "provider[\"registry.terraform.io/hashicorp/google\"]",
      "instances": [
        {
          "schema_version": 0,
          "attributes": {
            "condition": [],
            "etag": "BwXs8yq0a+M=",
            "id": "kuber-terr-cicd/roles/iap.tunnelResourceAccessor/serviceAccount:custom-service-account-1@kuber-terr-cicd.iam.gserviceaccount.com",
            "member": "serviceAccount:custom-service-account-1@kuber-terr-cicd.iam.gserviceaccount.com",
            "project": "kuber-terr-cicd",
            "role": "roles/iap.tunnelResourceAccessor"
          },
          "sensitive_attributes": [],
          "private": "bnVsbA==",
          "dependencies": [
            "google_project_service.api_1_resource_manager",
            "google_project_service.api_2_iam",
            "google_project_service.api_3_compute_engine",
            "google_project_service.api_4_cloud_os_login",
            "google_project_service.api_5_network_management",
            "google_project_service.api_6_service_networking",
            "google_project_service.api_7_cloudsql_admin",
            "google_service_account.custom_service_account_1"
          ]
        }
      ]
    },
    {
      "mode": "managed",
      "type": "google_project_iam_member",
      "name": "service_account_1_IAv1",
      "provider": "provider[\"registry.terraform.io/hashicorp/google\"]",
      "instances": [
        {
          "schema_version": 0,
          "attributes": {
            "condition": [],
            "etag": "BwXs8yq0a+M=",
            "id": "kuber-terr-cicd/roles/compute.instanceAdmin.v1/serviceAccount:custom-service-account-1@kuber-terr-cicd.iam.gserviceaccount.com",
            "member": "serviceAccount:custom-service-account-1@kuber-terr-cicd.iam.gserviceaccount.com",
            "project": "kuber-terr-cicd",
            "role": "roles/compute.instanceAdmin.v1"
          },
          "sensitive_attributes": [],
          "private": "bnVsbA==",
          "dependencies": [
            "google_project_service.api_1_resource_manager",
            "google_project_service.api_2_iam",
            "google_project_service.api_3_compute_engine",
            "google_project_service.api_4_cloud_os_login",
            "google_project_service.api_5_network_management",
            "google_project_service.api_6_service_networking",
            "google_project_service.api_7_cloudsql_admin",
            "google_service_account.custom_service_account_1"
          ]
        }
      ]
    },
    {
      "mode": "managed",
      "type": "google_project_iam_member",
      "name": "service_account_1_NA",
      "provider": "provider[\"registry.terraform.io/hashicorp/google\"]",
      "instances": [
        {
          "schema_version": 0,
          "attributes": {
            "condition": [],
            "etag": "BwXs8yq0a+M=",
            "id": "kuber-terr-cicd/roles/compute.networkAdmin/serviceAccount:custom-service-account-1@kuber-terr-cicd.iam.gserviceaccount.com",
            "member": "serviceAccount:custom-service-account-1@kuber-terr-cicd.iam.gserviceaccount.com",
            "project": "kuber-terr-cicd",
            "role": "roles/compute.networkAdmin"
          },
          "sensitive_attributes": [],
          "private": "bnVsbA==",
          "dependencies": [
            "google_project_service.api_1_resource_manager",
            "google_project_service.api_2_iam",
            "google_project_service.api_3_compute_engine",
            "google_project_service.api_4_cloud_os_login",
            "google_project_service.api_5_network_management",
            "google_project_service.api_6_service_networking",
            "google_project_service.api_7_cloudsql_admin",
            "google_service_account.custom_service_account_1"
          ]
        }
      ]
    },
    {
      "mode": "managed",
      "type": "google_project_service",
      "name": "api_1_resource_manager",
      "provider": "provider[\"registry.terraform.io/hashicorp/google\"]",
      "instances": [
        {
          "schema_version": 0,
          "attributes": {
            "disable_dependent_services": true,
            "disable_on_destroy": true,
            "id": "kuber-terr-cicd/cloudresourcemanager.googleapis.com",
            "project": "kuber-terr-cicd",
            "service": "cloudresourcemanager.googleapis.com",
            "timeouts": null
          },
          "sensitive_attributes": [],
          "private": "eyJlMmJmYjczMC1lY2FhLTExZTYtOGY4OC0zNDM2M2JjN2M0YzAiOnsiY3JlYXRlIjoxMjAwMDAwMDAwMDAwLCJkZWxldGUiOjEyMDAwMDAwMDAwMDAsInJlYWQiOjYwMDAwMDAwMDAwMCwidXBkYXRlIjoxMjAwMDAwMDAwMDAwfX0="
        }
      ]
    },
    {
      "mode": "managed",
      "type": "google_project_service",
      "name": "api_2_iam",
      "provider": "provider[\"registry.terraform.io/hashicorp/google\"]",
      "instances": [
        {
          "schema_version": 0,
          "attributes": {
            "disable_dependent_services": true,
            "disable_on_destroy": true,
            "id": "kuber-terr-cicd/iam.googleapis.com",
            "project": "kuber-terr-cicd",
            "service": "iam.googleapis.com",
            "timeouts": null
          },
          "sensitive_attributes": [],
          "private": "eyJlMmJmYjczMC1lY2FhLTExZTYtOGY4OC0zNDM2M2JjN2M0YzAiOnsiY3JlYXRlIjoxMjAwMDAwMDAwMDAwLCJkZWxldGUiOjEyMDAwMDAwMDAwMDAsInJlYWQiOjYwMDAwMDAwMDAwMCwidXBkYXRlIjoxMjAwMDAwMDAwMDAwfX0=",
          "dependencies": [
            "google_project_service.api_1_resource_manager"
          ]
        }
      ]
    },
    {
      "mode": "managed",
      "type": "google_project_service",
      "name": "api_3_compute_engine",
      "provider": "provider[\"registry.terraform.io/hashicorp/google\"]",
      "instances": [
        {
          "schema_version": 0,
          "attributes": {
            "disable_dependent_services": true,
            "disable_on_destroy": true,
            "id": "kuber-terr-cicd/compute.googleapis.com",
            "project": "kuber-terr-cicd",
            "service": "compute.googleapis.com",
            "timeouts": null
          },
          "sensitive_attributes": [],
          "private": "eyJlMmJmYjczMC1lY2FhLTExZTYtOGY4OC0zNDM2M2JjN2M0YzAiOnsiY3JlYXRlIjoxMjAwMDAwMDAwMDAwLCJkZWxldGUiOjEyMDAwMDAwMDAwMDAsInJlYWQiOjYwMDAwMDAwMDAwMCwidXBkYXRlIjoxMjAwMDAwMDAwMDAwfX0=",
          "dependencies": [
            "google_project_service.api_1_resource_manager",
            "google_project_service.api_2_iam"
          ]
        }
      ]
    },
    {
      "mode": "managed",
      "type": "google_project_service",
      "name": "api_4_cloud_os_login",
      "provider": "provider[\"registry.terraform.io/hashicorp/google\"]",
      "instances": [
        {
          "schema_version": 0,
          "attributes": {
            "disable_dependent_services": true,
            "disable_on_destroy": true,
            "id": "kuber-terr-cicd/oslogin.googleapis.com",
            "project": "kuber-terr-cicd",
            "service": "oslogin.googleapis.com",
            "timeouts": null
          },
          "sensitive_attributes": [],
          "private": "eyJlMmJmYjczMC1lY2FhLTExZTYtOGY4OC0zNDM2M2JjN2M0YzAiOnsiY3JlYXRlIjoxMjAwMDAwMDAwMDAwLCJkZWxldGUiOjEyMDAwMDAwMDAwMDAsInJlYWQiOjYwMDAwMDAwMDAwMCwidXBkYXRlIjoxMjAwMDAwMDAwMDAwfX0=",
          "dependencies": [
            "google_project_service.api_1_resource_manager",
            "google_project_service.api_2_iam",
            "google_project_service.api_3_compute_engine"
          ]
        }
      ]
    },
    {
      "mode": "managed",
      "type": "google_project_service",
      "name": "api_5_network_management",
      "provider": "provider[\"registry.terraform.io/hashicorp/google\"]",
      "instances": [
        {
          "schema_version": 0,
          "attributes": {
            "disable_dependent_services": true,
            "disable_on_destroy": true,
            "id": "kuber-terr-cicd/networkmanagement.googleapis.com",
            "project": "kuber-terr-cicd",
            "service": "networkmanagement.googleapis.com",
            "timeouts": null
          },
          "sensitive_attributes": [],
          "private": "eyJlMmJmYjczMC1lY2FhLTExZTYtOGY4OC0zNDM2M2JjN2M0YzAiOnsiY3JlYXRlIjoxMjAwMDAwMDAwMDAwLCJkZWxldGUiOjEyMDAwMDAwMDAwMDAsInJlYWQiOjYwMDAwMDAwMDAwMCwidXBkYXRlIjoxMjAwMDAwMDAwMDAwfX0=",
          "dependencies": [
            "google_project_service.api_1_resource_manager",
            "google_project_service.api_2_iam",
            "google_project_service.api_3_compute_engine",
            "google_project_service.api_4_cloud_os_login"
          ]
        }
      ]
    },
    {
      "mode": "managed",
      "type": "google_project_service",
      "name": "api_6_service_networking",
      "provider": "provider[\"registry.terraform.io/hashicorp/google\"]",
      "instances": [
        {
          "schema_version": 0,
          "attributes": {
            "disable_dependent_services": true,
            "disable_on_destroy": true,
            "id": "kuber-terr-cicd/servicenetworking.googleapis.com",
            "project": "kuber-terr-cicd",
            "service": "servicenetworking.googleapis.com",
            "timeouts": null
          },
          "sensitive_attributes": [],
          "private": "eyJlMmJmYjczMC1lY2FhLTExZTYtOGY4OC0zNDM2M2JjN2M0YzAiOnsiY3JlYXRlIjoxMjAwMDAwMDAwMDAwLCJkZWxldGUiOjEyMDAwMDAwMDAwMDAsInJlYWQiOjYwMDAwMDAwMDAwMCwidXBkYXRlIjoxMjAwMDAwMDAwMDAwfX0=",
          "dependencies": [
            "google_project_service.api_1_resource_manager",
            "google_project_service.api_2_iam",
            "google_project_service.api_3_compute_engine",
            "google_project_service.api_4_cloud_os_login",
            "google_project_service.api_5_network_management"
          ]
        }
      ]
    },
    {
      "mode": "managed",
      "type": "google_project_service",
      "name": "api_7_cloudsql_admin",
      "provider": "provider[\"registry.terraform.io/hashicorp/google\"]",
      "instances": [
        {
          "schema_version": 0,
          "attributes": {
            "disable_dependent_services": true,
            "disable_on_destroy": true,
            "id": "kuber-terr-cicd/sqladmin.googleapis.com",
            "project": "kuber-terr-cicd",
            "service": "sqladmin.googleapis.com",
            "timeouts": null
          },
          "sensitive_attributes": [],
          "private": "eyJlMmJmYjczMC1lY2FhLTExZTYtOGY4OC0zNDM2M2JjN2M0YzAiOnsiY3JlYXRlIjoxMjAwMDAwMDAwMDAwLCJkZWxldGUiOjEyMDAwMDAwMDAwMDAsInJlYWQiOjYwMDAwMDAwMDAwMCwidXBkYXRlIjoxMjAwMDAwMDAwMDAwfX0=",
          "dependencies": [
            "google_project_service.api_1_resource_manager",
            "google_project_service.api_2_iam",
            "google_project_service.api_3_compute_engine",
            "google_project_service.api_4_cloud_os_login",
            "google_project_service.api_5_network_management",
            "google_project_service.api_6_service_networking"
          ]
        }
      ]
    },
    {
      "mode": "managed",
      "type": "google_project_service",
      "name": "api_8_container",
      "provider": "provider[\"registry.terraform.io/hashicorp/google\"]",
      "instances": [
        {
          "schema_version": 0,
          "attributes": {
            "disable_dependent_services": true,
            "disable_on_destroy": true,
            "id": "kuber-terr-cicd/container.googleapis.com",
            "project": "kuber-terr-cicd",
            "service": "container.googleapis.com",
            "timeouts": null
          },
          "sensitive_attributes": [],
          "private": "eyJlMmJmYjczMC1lY2FhLTExZTYtOGY4OC0zNDM2M2JjN2M0YzAiOnsiY3JlYXRlIjoxMjAwMDAwMDAwMDAwLCJkZWxldGUiOjEyMDAwMDAwMDAwMDAsInJlYWQiOjYwMDAwMDAwMDAwMCwidXBkYXRlIjoxMjAwMDAwMDAwMDAwfX0=",
          "dependencies": [
            "google_project_service.api_1_resource_manager",
            "google_project_service.api_2_iam",
            "google_project_service.api_3_compute_engine",
            "google_project_service.api_4_cloud_os_login",
            "google_project_service.api_5_network_management",
            "google_project_service.api_6_service_networking",
            "google_project_service.api_7_cloudsql_admin"
          ]
        }
      ]
    },
    {
      "mode": "managed",
      "type": "google_service_account",
      "name": "custom_service_account_1",
      "provider": "provider[\"registry.terraform.io/hashicorp/google\"]",
      "instances": [
        {
          "schema_version": 0,
          "attributes": {
            "account_id": "custom-service-account-1",
            "description": "Service Account for MIG and Databases",
            "disabled": false,
            "display_name": "Custom service account",
            "email": "custom-service-account-1@kuber-terr-cicd.iam.gserviceaccount.com",
            "id": "projects/kuber-terr-cicd/serviceAccounts/custom-service-account-1@kuber-terr-cicd.iam.gserviceaccount.com",
            "name": "projects/kuber-terr-cicd/serviceAccounts/custom-service-account-1@kuber-terr-cicd.iam.gserviceaccount.com",
            "project": "kuber-terr-cicd",
            "timeouts": null,
            "unique_id": "118036614556615609743"
          },
          "sensitive_attributes": [],
          "private": "eyJlMmJmYjczMC1lY2FhLTExZTYtOGY4OC0zNDM2M2JjN2M0YzAiOnsiY3JlYXRlIjozMDAwMDAwMDAwMDB9fQ==",
          "dependencies": [
            "google_project_service.api_1_resource_manager",
            "google_project_service.api_2_iam",
            "google_project_service.api_3_compute_engine",
            "google_project_service.api_4_cloud_os_login",
            "google_project_service.api_5_network_management",
            "google_project_service.api_6_service_networking",
            "google_project_service.api_7_cloudsql_admin"
          ]
        }
      ]
    },
    {
      "mode": "managed",
      "type": "google_service_networking_connection",
      "name": "private_vpc_connection",
      "provider": "provider[\"registry.terraform.io/hashicorp/google\"]",
      "instances": [
        {
          "schema_version": 0,
          "attributes": {
            "id": "projects%2Fkuber-terr-cicd%2Fglobal%2Fnetworks%2Fterr-vpc-1:servicenetworking.googleapis.com",
            "network": "projects/kuber-terr-cicd/global/networks/terr-vpc-1",
            "peering": "servicenetworking-googleapis-com",
            "reserved_peering_ranges": [
              "terr-sql-private-ip-address"
            ],
            "service": "servicenetworking.googleapis.com",
            "timeouts": null
          },
          "sensitive_attributes": [],
          "private": "eyJlMmJmYjczMC1lY2FhLTExZTYtOGY4OC0zNDM2M2JjN2M0YzAiOnsiY3JlYXRlIjo2MDAwMDAwMDAwMDAsImRlbGV0ZSI6NjAwMDAwMDAwMDAwLCJ1cGRhdGUiOjYwMDAwMDAwMDAwMH19",
          "dependencies": [
            "google_compute_global_address.private_ip_address",
            "google_compute_network.terr_vpc_1",
            "google_project_service.api_1_resource_manager",
            "google_project_service.api_2_iam",
            "google_project_service.api_3_compute_engine",
            "google_project_service.api_4_cloud_os_login",
            "google_project_service.api_5_network_management",
            "google_project_service.api_6_service_networking",
            "google_project_service.api_7_cloudsql_admin"
          ]
        }
      ]
    },
    {
      "mode": "managed",
      "type": "google_sql_database_instance",
      "name": "terr_sql_private_instance",
      "provider": "provider[\"registry.terraform.io/hashicorp/google\"]",
      "instances": [
        {
          "schema_version": 0,
          "attributes": {
            "clone": [],
            "connection_name": "kuber-terr-cicd:us-central1:sql-private-instance-17ad39",
            "database_version": "MYSQL_8_0",
            "deletion_protection": false,
            "encryption_key_name": null,
            "first_ip_address": "10.90.0.3",
            "id": "sql-private-instance-17ad39",
            "ip_address": [
              {
                "ip_address": "10.90.0.3",
                "time_to_retire": "",
                "type": "PRIVATE"
              }
            ],
            "master_instance_name": "",
            "name": "sql-private-instance-17ad39",
            "private_ip_address": "10.90.0.3",
            "project": "kuber-terr-cicd",
            "public_ip_address": "",
            "region": "us-central1",
            "replica_configuration": [],
            "restore_backup_context": [],
            "root_password": null,
            "self_link": "https://sqladmin.googleapis.com/sql/v1beta4/projects/kuber-terr-cicd/instances/sql-private-instance-17ad39",
            "server_ca_cert": [
              {
                "cert": "-----BEGIN CERTIFICATE-----\nMIIDfzCCAmegAwIBAgIBADANBgkqhkiG9w0BAQsFADB3MS0wKwYDVQQuEyQwNWM0\nYzc2My0yNzg3LTQ4NjUtODg2YS04ZDdlNzQ4ODRjNzgxIzAhBgNVBAMTGkdvb2ds\nZSBDbG91ZCBTUUwgU2VydmVyIENBMRQwEgYDVQQKEwtHb29nbGUsIEluYzELMAkG\nA1UEBhMCVVMwHhcNMjIxMTA4MTAxMDEwWhcNMzIxMTA1MTAxMTEwWjB3MS0wKwYD\nVQQuEyQwNWM0Yzc2My0yNzg3LTQ4NjUtODg2YS04ZDdlNzQ4ODRjNzgxIzAhBgNV\nBAMTGkdvb2dsZSBDbG91ZCBTUUwgU2VydmVyIENBMRQwEgYDVQQKEwtHb29nbGUs\nIEluYzELMAkGA1UEBhMCVVMwggEiMA0GCSqGSIb3DQEBAQUAA4IBDwAwggEKAoIB\nAQCNsBfeo8e3GOyMuFDm3+wAHA4C7qcXcrEJqiePHgOIQsyYlOlVi3I2AULCgQLh\nR4g2BGe1bm49Og1hUcXINStg4GIaALSHjTw69l8OpnoCJlCAmUyl2UFZPApN9vpX\nhRYkbIeRDgoQPJD0c64naJmk+36tO/f5+GlwyAHSfoCETYvRMV2SipSFYvhR7yXi\nRMe/9jXX9PKWVksKZ4ggrURrhAUQmMGC95GrKXejAvB2SzCYByRXeScbqLnFh6YZ\niC/TPK0kh2hizMpaLDCvP6Zf2gqMBkeH/jhnVTJ8qbL/6uioFz2pn8UPcpgWYDgl\nV3/Syw2Hs45JbR+Hgum/XlGzAgMBAAGjFjAUMBIGA1UdEwEB/wQIMAYBAf8CAQAw\nDQYJKoZIhvcNAQELBQADggEBAAsblj9n/O0FVWidx2N/dDN7TpxRbXWlb8zowL3H\n8yizddqrisLIF50oLxQvJvbnzPUdm7HreXc5cCzk5Nok9+t2o4rzBkAni0Nu+nNP\ntr4KVL84y9+zJFlKHCjKE4AyFasRt5Zak1AfDZ3n9KiJ/S/H7s4//tpH7Sq/qDiS\nZTg9qpy66HDLLegTNY3uhpjomHT0CwESVpU7oeB2nAtEjsyB1oAF5IND2kB+yuof\ntPcVUjvqGG3DtARe25DDPGt1DOXxDq+vZkD7ZgsVCwz8JEzRUe4PnSDe4gozAl6l\nzdOJLxLwlwn9VsHNuT5gVLWggTRbxLGizfACsQjQ0Y5BXCo=\n-----END CERTIFICATE-----",
                "common_name": "C=US,O=Google\\, Inc,CN=Google Cloud SQL Server CA,dnQualifier=05c4c763-2787-4865-886a-8d7e74884c78",
                "create_time": "2022-11-08T10:10:10.151Z",
                "expiration_time": "2032-11-05T10:11:10.151Z",
                "sha1_fingerprint": "9e67265958b1cc424e0bd3c2e480700b5b4e886d"
              }
            ],
            "service_account_email_address": "p442748726151-oazn9q@gcp-sa-cloud-sql.iam.gserviceaccount.com",
            "settings": [
              {
                "activation_policy": "ALWAYS",
                "active_directory_config": [],
                "availability_type": "ZONAL",
                "backup_configuration": [
                  {
                    "backup_retention_settings": [
                      {
                        "retained_backups": 7,
                        "retention_unit": "COUNT"
                      }
                    ],
                    "binary_log_enabled": false,
                    "enabled": false,
                    "location": "",
                    "point_in_time_recovery_enabled": false,
                    "start_time": "10:00",
                    "transaction_log_retention_days": 7
                  }
                ],
                "collation": "",
                "database_flags": [],
                "disk_autoresize": true,
                "disk_autoresize_limit": 0,
                "disk_size": 10,
                "disk_type": "PD_SSD",
                "insights_config": [],
                "ip_configuration": [
                  {
                    "allocated_ip_range": "",
                    "authorized_networks": [],
                    "ipv4_enabled": false,
                    "private_network": "projects/kuber-terr-cicd/global/networks/terr-vpc-1",
                    "require_ssl": false
                  }
                ],
                "location_preference": [
                  {
                    "follow_gae_application": "",
                    "secondary_zone": "",
                    "zone": "us-central1-b"
                  }
                ],
                "maintenance_window": [],
                "password_validation_policy": [],
                "pricing_plan": "PER_USE",
                "sql_server_audit_config": [],
                "tier": "db-g1-small",
                "user_labels": {},
                "version": 1
              }
            ],
            "timeouts": null
          },
          "sensitive_attributes": [],
          "private": "eyJlMmJmYjczMC1lY2FhLTExZTYtOGY4OC0zNDM2M2JjN2M0YzAiOnsiY3JlYXRlIjoxODAwMDAwMDAwMDAwLCJkZWxldGUiOjE4MDAwMDAwMDAwMDAsInVwZGF0ZSI6MTgwMDAwMDAwMDAwMH19",
          "dependencies": [
            "google_compute_global_address.private_ip_address",
            "google_compute_network.terr_vpc_1",
            "google_project_service.api_1_resource_manager",
            "google_project_service.api_2_iam",
            "google_project_service.api_3_compute_engine",
            "google_project_service.api_4_cloud_os_login",
            "google_project_service.api_5_network_management",
            "google_project_service.api_6_service_networking",
            "google_project_service.api_7_cloudsql_admin",
            "google_service_networking_connection.private_vpc_connection",
            "random_id.db_name_suffix"
          ]
        }
      ]
    },
    {
      "mode": "managed",
      "type": "local_file",
      "name": "tf_ansible_playbook_command",
      "provider": "provider[\"registry.terraform.io/hashicorp/local\"]",
      "instances": [
        {
          "schema_version": 0,
          "attributes": {
            "content": "# Generated by Terraform local_file resource.\nANSIBLE_CONFIG='../ansible/ansible.cfg' ansible-playbook -i 35.238.113.46, --private-key ../keys/ansible_rsa_v4 ../ansible/playbook-for-jenkins.yaml -v\"\n\n",
            "content_base64": null,
            "directory_permission": "0777",
            "file_permission": "0777",
            "filename": "../ansible/tf-ansible-playbook-command.yaml",
            "id": "c3247f38aa687a46cbaa718923b1829cfe4c2a8c",
            "sensitive_content": null,
            "source": null
          },
          "sensitive_attributes": [],
          "private": "bnVsbA==",
          "dependencies": [
            "google_compute_instance.default",
            "google_compute_subnetwork.terr_sub_vpc_1",
            "google_service_account.custom_service_account_1"
          ]
        }
      ]
    },
    {
      "mode": "managed",
      "type": "local_file",
      "name": "tf_ansible_vars_file_new",
      "provider": "provider[\"registry.terraform.io/hashicorp/local\"]",
      "instances": [
        {
          "schema_version": 0,
          "attributes": {
            "content": "# Ansible vars_file containing variable values from Terraform.\n# Generated by Terraform local_file resource.\n\ntf_gcp_project: \"kuber-terr-cicd\"\ntf_region: \"us-central1\"\ntf_zone: \"us-central1-c\"\ntf_cred_file: \"../keys/kuber-terr-cicd-a90c610d0b13.json\"\n\ntf_control_instance_internal_ip: \"10.10.0.41\"\ntf_control_instance_external_ip: \"35.232.117.70\"\n\n\n",
            "content_base64": null,
            "directory_permission": "0777",
            "file_permission": "0777",
            "filename": "../ansible/tf-ansible-vars-file.yaml",
            "id": "3305f8a10dacf4740d0108b209ae137d77cb01c4",
            "sensitive_content": null,
            "source": null
          },
          "sensitive_attributes": [],
          "private": "bnVsbA==",
          "dependencies": [
            "google_compute_address.static_external",
            "google_compute_instance.default",
            "google_compute_subnetwork.terr_sub_vpc_1",
            "google_service_account.custom_service_account_1"
          ]
        }
      ]
    },
    {
      "mode": "managed",
      "type": "random_id",
      "name": "db_name_suffix",
      "provider": "provider[\"registry.terraform.io/hashicorp/random\"]",
      "instances": [
        {
          "schema_version": 0,
          "attributes": {
            "b64_std": "F605",
            "b64_url": "F605",
            "byte_length": 3,
            "dec": "1551673",
            "hex": "17ad39",
            "id": "F605",
            "keepers": null,
            "prefix": null
          },
          "sensitive_attributes": []
        }
      ]
    }
  ],
  "check_results": null
}
